
Microsoft Visual Studio Solution File, Format Version 12.00
# Visual Studio Version 16
VisualStudioVersion = 16.0.30320.27
MinimumVisualStudioVersion = 10.0.40219.1
Project("{FAE04EC0-301F-11D3-BF4B-00C04F79EFBC}") = "SeleniumProj1", "SeleniumProj1\SeleniumProj1.csproj", "{CBFB7258-6B4F-4030-B0F5-B6AA26B6DF1E}"
EndProject
Global
	GlobalSection(SolutionConfigurationPlatforms) = preSolution
		Debug|Any CPU = Debug|Any CPU
		Release|Any CPU = Release|Any CPU
	EndGlobalSection
	GlobalSection(ProjectConfigurationPlatforms) = postSolution
		{CBFB7258-6B4F-4030-B0F5-B6AA26B6DF1E}.Debug|Any CPU.ActiveCfg = Debug|Any CPU
		{CBFB7258-6B4F-4030-B0F5-B6AA26B6DF1E}.Debug|Any CPU.Build.0 = Debug|Any CPU
		{CBFB7258-6B4F-4030-B0F5-B6AA26B6DF1E}.Release|Any CPU.ActiveCfg = Release|Any CPU
		{CBFB7258-6B4F-4030-B0F5-B6AA26B6DF1E}.Release|Any CPU.Build.0 = Release|Any CPU
	EndGlobalSection
	GlobalSection(SolutionProperties) = preSolution
		HideSolutionNode = FALSE
	EndGlobalSection
	GlobalSection(ExtensibilityGlobals) = postSolution
		SolutionGuid = {FFF5C741-0216-4139-A7F9-2B3292A31E79}
	EndGlobalSection
EndGlobal
